
Microsoft Visual Studio Solution File, Format Version 11.00
# Visual Web Developer Express 2010
Project("{FAE04EC0-301F-11D3-BF4B-00C04F79EFBC}") = "CaroWebServer", "CaroWebServer\CaroWebServer.csproj", "{4FF04126-CF29-4121-8313-5CCD9A7995A9}"
EndProject
Global
	GlobalSection(SolutionConfigurationPlatforms) = preSolution
		Debug|Any CPU = Debug|Any CPU
		Release|Any CPU = Release|Any CPU
	EndGlobalSection
	GlobalSection(ProjectConfigurationPlatforms) = postSolution
		{4FF04126-CF29-4121-8313-5CCD9A7995A9}.Debug|Any CPU.ActiveCfg = Debug|Any CPU
		{4FF04126-CF29-4121-8313-5CCD9A7995A9}.Debug|Any CPU.Build.0 = Debug|Any CPU
		{4FF04126-CF29-4121-8313-5CCD9A7995A9}.Release|Any CPU.ActiveCfg = Release|Any CPU
		{4FF04126-CF29-4121-8313-5CCD9A7995A9}.Release|Any CPU.Build.0 = Release|Any CPU
	EndGlobalSection
	GlobalSection(SolutionProperties) = preSolution
		HideSolutionNode = FALSE
	EndGlobalSection
EndGlobal
